
Microsoft Visual Studio Solution File, Format Version 12.00
# Visual Studio Version 17
VisualStudioVersion = 17.3.32825.248
MinimumVisualStudioVersion = 10.0.40219.1
Project("{FAE04EC0-301F-11D3-BF4B-00C04F79EFBC}") = "AbtinFastFood", "AbtinFastFood.csproj", "{BBFB4448-740D-41CB-8296-1DFF8A4D0F7E}"
EndProject
Global
	GlobalSection(SolutionConfigurationPlatforms) = preSolution
		Debug|Any CPU = Debug|Any CPU
		Release|Any CPU = Release|Any CPU
	EndGlobalSection
	GlobalSection(ProjectConfigurationPlatforms) = postSolution
		{BBFB4448-740D-41CB-8296-1DFF8A4D0F7E}.Debug|Any CPU.ActiveCfg = Debug|Any CPU
		{BBFB4448-740D-41CB-8296-1DFF8A4D0F7E}.Debug|Any CPU.Build.0 = Debug|Any CPU
		{BBFB4448-740D-41CB-8296-1DFF8A4D0F7E}.Release|Any CPU.ActiveCfg = Release|Any CPU
		{BBFB4448-740D-41CB-8296-1DFF8A4D0F7E}.Release|Any CPU.Build.0 = Release|Any CPU
	EndGlobalSection
	GlobalSection(SolutionProperties) = preSolution
		HideSolutionNode = FALSE
	EndGlobalSection
	GlobalSection(ExtensibilityGlobals) = postSolution
		SolutionGuid = {435349B1-2349-40A9-858B-841FB26004AF}
	EndGlobalSection
EndGlobal
